Microsoft Visual Studio Solution File, Format Version 12.00
# Visual Studio 15
VisualStudioVersion = 15.0.26430.16
MinimumVisualStudioVersion = 10.0.40219.1
Project("{2150E333-8FDC-42A3-9474-1A3956D46DE8}") = "examples", "examples", "{B70AFB57-57C9-46DC-84BE-11B7DDD34B40}"
EndProject
Project("{FAE04EC0-301F-11D3-BF4B-00C04F79EFBC}") = "attach", "examples\attach\attach.csproj", "{87CD4259-88DC-4748-AC61-CDDFB6E02891}"
EndProject
Project("{FAE04EC0-301F-11D3-BF4B-00C04F79EFBC}") = "exec", "examples\exec\exec.csproj", "{0044011C-25A6-4303-AA3F-877244B51ABB}"
EndProject
Project("{FAE04EC0-301F-11D3-BF4B-00C04F79EFBC}") = "labels", "examples\labels\labels.csproj", "{D5471F2E-F522-47E7-B3D2-F98A4452E214}"
EndProject
Project("{FAE04EC0-301F-11D3-BF4B-00C04F79EFBC}") = "logs", "examples\logs\logs.csproj", "{4BD050E8-B0E4-40B4-AC72-5130D81095C7}"
EndProject
Project("{FAE04EC0-301F-11D3-BF4B-00C04F79EFBC}") = "namespace", "examples\namespace\namespace.csproj", "{1AA79D75-E7C4-4C0C-928B-FB12EC3CBF68}"
EndProject
Project("{FAE04EC0-301F-11D3-BF4B-00C04F79EFBC}") = "simple", "examples\simple\simple.csproj", "{DDB14203-DD5B-452A-A1E0-9FD98629101F}"
EndProject
Project("{FAE04EC0-301F-11D3-BF4B-00C04F79EFBC}") = "watch", "examples\watch\watch.csproj", "{1DDB0CCF-7CCE-4A60-BAC6-9AE1779DEDB5}"
EndProject
Project("{2150E333-8FDC-42A3-9474-1A3956D46DE8}") = "src", "src", "{3D1864AA-1FFC-4512-BB13-46055E410F73}"
EndProject
Project("{FAE04EC0-301F-11D3-BF4B-00C04F79EFBC}") = "KubernetesClient", "src\KubernetesClient\KubernetesClient.csproj", "{35DD7248-F9EC-4272-A32C-B0C59E5A6FA7}"
EndProject
Project("{2150E333-8FDC-42A3-9474-1A3956D46DE8}") = "tests", "tests", "{8AF4A5C2-F0CE-47D5-A4C5-FE4AB83CA509}"
EndProject
Project("{FAE04EC0-301F-11D3-BF4B-00C04F79EFBC}") = "KubernetesClient.Tests", "tests\KubernetesClient.Tests\KubernetesClient.Tests.csproj", "{806AD0E5-833F-42FB-A870-4BCEE7F4B17F}"
EndProject
Global
	GlobalSection(SolutionProperties) = preSolution
		HideSolutionNode = FALSE
	EndGlobalSection
	GlobalSection(ExtensibilityGlobals) = postSolution
		SolutionGuid = {049A763A-C891-4E8D-80CF-89DD3E22ADC7}
	EndGlobalSection
	GlobalSection(SolutionConfigurationPlatforms) = preSolution
		Debug|Any CPU = Debug|Any CPU
		Debug|x64 = Debug|x64
		Debug|x86 = Debug|x86
		Release|Any CPU = Release|Any CPU
		Release|x64 = Release|x64
		Release|x86 = Release|x86
	EndGlobalSection
	GlobalSection(ProjectConfigurationPlatforms) = postSolution
		{87CD4259-88DC-4748-AC61-CDDFB6E02891}.Debug|Any CPU.ActiveCfg = Debug|Any CPU
		{87CD4259-88DC-4748-AC61-CDDFB6E02891}.Debug|Any CPU.Build.0 = Debug|Any CPU
		{87CD4259-88DC-4748-AC61-CDDFB6E02891}.Debug|x64.ActiveCfg = Debug|Any CPU
		{87CD4259-88DC-4748-AC61-CDDFB6E02891}.Debug|x64.Build.0 = Debug|Any CPU
		{87CD4259-88DC-4748-AC61-CDDFB6E02891}.Debug|x86.ActiveCfg = Debug|Any CPU
		{87CD4259-88DC-4748-AC61-CDDFB6E02891}.Debug|x86.Build.0 = Debug|Any CPU
		{87CD4259-88DC-4748-AC61-CDDFB6E02891}.Release|Any CPU.ActiveCfg = Release|Any CPU
		{87CD4259-88DC-4748-AC61-CDDFB6E02891}.Release|Any CPU.Build.0 = Release|Any CPU
		{87CD4259-88DC-4748-AC61-CDDFB6E02891}.Release|x64.ActiveCfg = Release|Any CPU
		{87CD4259-88DC-4748-AC61-CDDFB6E02891}.Release|x64.Build.0 = Release|Any CPU
		{87CD4259-88DC-4748-AC61-CDDFB6E02891}.Release|x86.ActiveCfg = Release|Any CPU
		{87CD4259-88DC-4748-AC61-CDDFB6E02891}.Release|x86.Build.0 = Release|Any CPU
		{0044011C-25A6-4303-AA3F-877244B51ABB}.Debug|Any CPU.ActiveCfg = Debug|Any CPU
		{0044011C-25A6-4303-AA3F-877244B51ABB}.Debug|Any CPU.Build.0 = Debug|Any CPU
		{0044011C-25A6-4303-AA3F-877244B51ABB}.Debug|x64.ActiveCfg = Debug|Any CPU
		{0044011C-25A6-4303-AA3F-877244B51ABB}.Debug|x64.Build.0 = Debug|Any CPU
		{0044011C-25A6-4303-AA3F-877244B51ABB}.Debug|x86.ActiveCfg = Debug|Any CPU
		{0044011C-25A6-4303-AA3F-877244B51ABB}.Debug|x86.Build.0 = Debug|Any CPU
		{0044011C-25A6-4303-AA3F-877244B51ABB}.Release|Any CPU.ActiveCfg = Release|Any CPU
		{0044011C-25A6-4303-AA3F-877244B51ABB}.Release|Any CPU.Build.0 = Release|Any CPU
		{0044011C-25A6-4303-AA3F-877244B51ABB}.Release|x64.ActiveCfg = Release|Any CPU
		{0044011C-25A6-4303-AA3F-877244B51ABB}.Release|x64.Build.0 = Release|Any CPU
		{0044011C-25A6-4303-AA3F-877244B51ABB}.Release|x86.ActiveCfg = Release|Any CPU
		{0044011C-25A6-4303-AA3F-877244B51ABB}.Release|x86.Build.0 = Release|Any CPU
		{D5471F2E-F522-47E7-B3D2-F98A4452E214}.Debug|Any CPU.ActiveCfg = Debug|Any CPU
		{D5471F2E-F522-47E7-B3D2-F98A4452E214}.Debug|Any CPU.Build.0 = Debug|Any CPU
		{D5471F2E-F522-47E7-B3D2-F98A4452E214}.Debug|x64.ActiveCfg = Debug|Any CPU
		{D5471F2E-F522-47E7-B3D2-F98A4452E214}.Debug|x64.Build.0 = Debug|Any CPU
		{D5471F2E-F522-47E7-B3D2-F98A4452E214}.Debug|x86.ActiveCfg = Debug|Any CPU
		{D5471F2E-F522-47E7-B3D2-F98A4452E214}.Debug|x86.Build.0 = Debug|Any CPU
		{D5471F2E-F522-47E7-B3D2-F98A4452E214}.Release|Any CPU.ActiveCfg = Release|Any CPU
		{D5471F2E-F522-47E7-B3D2-F98A4452E214}.Release|Any CPU.Build.0 = Release|Any CPU
		{D5471F2E-F522-47E7-B3D2-F98A4452E214}.Release|x64.ActiveCfg = Release|Any CPU
		{D5471F2E-F522-47E7-B3D2-F98A4452E214}.Release|x64.Build.0 = Release|Any CPU
		{D5471F2E-F522-47E7-B3D2-F98A4452E214}.Release|x86.ActiveCfg = Release|Any CPU
		{D5471F2E-F522-47E7-B3D2-F98A4452E214}.Release|x86.Build.0 = Release|Any CPU
		{4BD050E8-B0E4-40B4-AC72-5130D81095C7}.Debug|Any CPU.ActiveCfg = Debug|Any CPU
		{4BD050E8-B0E4-40B4-AC72-5130D81095C7}.Debug|Any CPU.Build.0 = Debug|Any CPU
		{4BD050E8-B0E4-40B4-AC72-5130D81095C7}.Debug|x64.ActiveCfg = Debug|Any CPU
		{4BD050E8-B0E4-40B4-AC72-5130D81095C7}.Debug|x64.Build.0 = Debug|Any CPU
		{4BD050E8-B0E4-40B4-AC72-5130D81095C7}.Debug|x86.ActiveCfg = Debug|Any CPU
		{4BD050E8-B0E4-40B4-AC72-5130D81095C7}.Debug|x86.Build.0 = Debug|Any CPU
		{4BD050E8-B0E4-40B4-AC72-5130D81095C7}.Release|Any CPU.ActiveCfg = Release|Any CPU
		{4BD050E8-B0E4-40B4-AC72-5130D81095C7}.Release|Any CPU.Build.0 = Release|Any CPU
		{4BD050E8-B0E4-40B4-AC72-5130D81095C7}.Release|x64.ActiveCfg = Release|Any CPU
		{4BD050E8-B0E4-40B4-AC72-5130D81095C7}.Release|x64.Build.0 = Release|Any CPU
		{4BD050E8-B0E4-40B4-AC72-5130D81095C7}.Release|x86.ActiveCfg = Release|Any CPU
		{4BD050E8-B0E4-40B4-AC72-5130D81095C7}.Release|x86.Build.0 = Release|Any CPU
		{1AA79D75-E7C4-4C0C-928B-FB12EC3CBF68}.Debug|Any CPU.ActiveCfg = Debug|Any CPU
		{1AA79D75-E7C4-4C0C-928B-FB12EC3CBF68}.Debug|Any CPU.Build.0 = Debug|Any CPU
		{1AA79D75-E7C4-4C0C-928B-FB12EC3CBF68}.Debug|x64.ActiveCfg = Debug|Any CPU
		{1AA79D75-E7C4-4C0C-928B-FB12EC3CBF68}.Debug|x64.Build.0 = Debug|Any CPU
		{1AA79D75-E7C4-4C0C-928B-FB12EC3CBF68}.Debug|x86.ActiveCfg = Debug|Any CPU
		{1AA79D75-E7C4-4C0C-928B-FB12EC3CBF68}.Debug|x86.Build.0 = Debug|Any CPU
		{1AA79D75-E7C4-4C0C-928B-FB12EC3CBF68}.Release|Any CPU.ActiveCfg = Release|Any CPU
		{1AA79D75-E7C4-4C0C-928B-FB12EC3CBF68}.Release|Any CPU.Build.0 = Release|Any CPU
		{1AA79D75-E7C4-4C0C-928B-FB12EC3CBF68}.Release|x64.ActiveCfg = Release|Any CPU
		{1AA79D75-E7C4-4C0C-928B-FB12EC3CBF68}.Release|x64.Build.0 = Release|Any CPU
		{1AA79D75-E7C4-4C0C-928B-FB12EC3CBF68}.Release|x86.ActiveCfg = Release|Any CPU
		{1AA79D75-E7C4-4C0C-928B-FB12EC3CBF68}.Release|x86.Build.0 = Release|Any CPU
		{DDB14203-DD5B-452A-A1E0-9FD98629101F}.Debug|Any CPU.ActiveCfg = Debug|Any CPU
		{DDB14203-DD5B-452A-A1E0-9FD98629101F}.Debug|Any CPU.Build.0 = Debug|Any CPU
		{DDB14203-DD5B-452A-A1E0-9FD98629101F}.Debug|x64.ActiveCfg = Debug|Any CPU
		{DDB14203-DD5B-452A-A1E0-9FD98629101F}.Debug|x64.Build.0 = Debug|Any CPU
		{DDB14203-DD5B-452A-A1E0-9FD98629101F}.Debug|x86.ActiveCfg = Debug|Any CPU
		{DDB14203-DD5B-452A-A1E0-9FD98629101F}.Debug|x86.Build.0 = Debug|Any CPU
		{DDB14203-DD5B-452A-A1E0-9FD98629101F}.Release|Any CPU.ActiveCfg = Release|Any CPU
		{DDB14203-DD5B-452A-A1E0-9FD98629101F}.Release|Any CPU.Build.0 = Release|Any CPU
		{DDB14203-DD5B-452A-A1E0-9FD98629101F}.Release|x64.ActiveCfg = Release|Any CPU
		{DDB14203-DD5B-452A-A1E0-9FD98629101F}.Release|x64.Build.0 = Release|Any CPU
		{DDB14203-DD5B-452A-A1E0-9FD98629101F}.Release|x86.ActiveCfg = Release|Any CPU
		{DDB14203-DD5B-452A-A1E0-9FD98629101F}.Release|x86.Build.0 = Release|Any CPU
		{1DDB0CCF-7CCE-4A60-BAC6-9AE1779DEDB5}.Debug|Any CPU.ActiveCfg = Debug|Any CPU
		{1DDB0CCF-7CCE-4A60-BAC6-9AE1779DEDB5}.Debug|Any CPU.Build.0 = Debug|Any CPU
		{1DDB0CCF-7CCE-4A60-BAC6-9AE1779DEDB5}.Debug|x64.ActiveCfg = Debug|Any CPU
		{1DDB0CCF-7CCE-4A60-BAC6-9AE1779DEDB5}.Debug|x64.Build.0 = Debug|Any CPU
		{1DDB0CCF-7CCE-4A60-BAC6-9AE1779DEDB5}.Debug|x86.ActiveCfg = Debug|Any CPU
		{1DDB0CCF-7CCE-4A60-BAC6-9AE1779DEDB5}.Debug|x86.Build.0 = Debug|Any CPU
		{1DDB0CCF-7CCE-4A60-BAC6-9AE1779DEDB5}.Release|Any CPU.ActiveCfg = Release|Any CPU
		{1DDB0CCF-7CCE-4A60-BAC6-9AE1779DEDB5}.Release|Any CPU.Build.0 = Release|Any CPU
		{1DDB0CCF-7CCE-4A60-BAC6-9AE1779DEDB5}.Release|x64.ActiveCfg = Release|Any CPU
		{1DDB0CCF-7CCE-4A60-BAC6-9AE1779DEDB5}.Release|x64.Build.0 = Release|Any CPU
		{1DDB0CCF-7CCE-4A60-BAC6-9AE1779DEDB5}.Release|x86.ActiveCfg = Release|Any CPU
		{1DDB0CCF-7CCE-4A60-BAC6-9AE1779DEDB5}.Release|x86.Build.0 = Release|Any CPU
		{35DD7248-F9EC-4272-A32C-B0C59E5A6FA7}.Debug|Any CPU.ActiveCfg = Debug|Any CPU
		{35DD7248-F9EC-4272-A32C-B0C59E5A6FA7}.Debug|Any CPU.Build.0 = Debug|Any CPU
		{35DD7248-F9EC-4272-A32C-B0C59E5A6FA7}.Debug|x64.ActiveCfg = Debug|Any CPU
		{35DD7248-F9EC-4272-A32C-B0C59E5A6FA7}.Debug|x64.Build.0 = Debug|Any CPU
		{35DD7248-F9EC-4272-A32C-B0C59E5A6FA7}.Debug|x86.ActiveCfg = Debug|Any CPU
		{35DD7248-F9EC-4272-A32C-B0C59E5A6FA7}.Debug|x86.Build.0 = Debug|Any CPU
		{35DD7248-F9EC-4272-A32C-B0C59E5A6FA7}.Release|Any CPU.ActiveCfg = Release|Any CPU
		{35DD7248-F9EC-4272-A32C-B0C59E5A6FA7}.Release|Any CPU.Build.0 = Release|Any CPU
		{35DD7248-F9EC-4272-A32C-B0C59E5A6FA7}.Release|x64.ActiveCfg = Release|Any CPU
		{35DD7248-F9EC-4272-A32C-B0C59E5A6FA7}.Release|x64.Build.0 = Release|Any CPU
		{35DD7248-F9EC-4272-A32C-B0C59E5A6FA7}.Release|x86.ActiveCfg = Release|Any CPU
		{35DD7248-F9EC-4272-A32C-B0C59E5A6FA7}.Release|x86.Build.0 = Release|Any CPU
		{806AD0E5-833F-42FB-A870-4BCEE7F4B17F}.Debug|Any CPU.ActiveCfg = Debug|Any CPU
		{806AD0E5-833F-42FB-A870-4BCEE7F4B17F}.Debug|Any CPU.Build.0 = Debug|Any CPU
		{806AD0E5-833F-42FB-A870-4BCEE7F4B17F}.Debug|x64.ActiveCfg = Debug|Any CPU
		{806AD0E5-833F-42FB-A870-4BCEE7F4B17F}.Debug|x64.Build.0 = Debug|Any CPU
		{806AD0E5-833F-42FB-A870-4BCEE7F4B17F}.Debug|x86.ActiveCfg = Debug|Any CPU
		{806AD0E5-833F-42FB-A870-4BCEE7F4B17F}.Debug|x86.Build.0 = Debug|Any CPU
		{806AD0E5-833F-42FB-A870-4BCEE7F4B17F}.Release|Any CPU.ActiveCfg = Release|Any CPU
		{806AD0E5-833F-42FB-A870-4BCEE7F4B17F}.Release|Any CPU.Build.0 = Release|Any CPU
		{806AD0E5-833F-42FB-A870-4BCEE7F4B17F}.Release|x64.ActiveCfg = Release|Any CPU
		{806AD0E5-833F-42FB-A870-4BCEE7F4B17F}.Release|x64.Build.0 = Release|Any CPU
		{806AD0E5-833F-42FB-A870-4BCEE7F4B17F}.Release|x86.ActiveCfg = Release|Any CPU
		{806AD0E5-833F-42FB-A870-4BCEE7F4B17F}.Release|x86.Build.0 = Release|Any CPU
	EndGlobalSection
	GlobalSection(NestedProjects) = preSolution
		{87CD4259-88DC-4748-AC61-CDDFB6E02891} = {B70AFB57-57C9-46DC-84BE-11B7DDD34B40}
		{0044011C-25A6-4303-AA3F-877244B51ABB} = {B70AFB57-57C9-46DC-84BE-11B7DDD34B40}
		{D5471F2E-F522-47E7-B3D2-F98A4452E214} = {B70AFB57-57C9-46DC-84BE-11B7DDD34B40}
		{4BD050E8-B0E4-40B4-AC72-5130D81095C7} = {B70AFB57-57C9-46DC-84BE-11B7DDD34B40}
		{1AA79D75-E7C4-4C0C-928B-FB12EC3CBF68} = {B70AFB57-57C9-46DC-84BE-11B7DDD34B40}
		{DDB14203-DD5B-452A-A1E0-9FD98629101F} = {B70AFB57-57C9-46DC-84BE-11B7DDD34B40}
		{1DDB0CCF-7CCE-4A60-BAC6-9AE1779DEDB5} = {B70AFB57-57C9-46DC-84BE-11B7DDD34B40}
		{35DD7248-F9EC-4272-A32C-B0C59E5A6FA7} = {3D1864AA-1FFC-4512-BB13-46055E410F73}
		{806AD0E5-833F-42FB-A870-4BCEE7F4B17F} = {8AF4A5C2-F0CE-47D5-A4C5-FE4AB83CA509}
	EndGlobalSection
EndGlobal
