Microsoft Visual Studio Solution File, Format Version 12.00
Project("{9A19103F-16F7-4668-BE54-9A1E7A4F7556}") = "kubernetes-client", "kubernetes-client.proj", "{07F4E0A0-052B-4CE1-9324-2205E84A584E}"
EndProject
Project("{9A19103F-16F7-4668-BE54-9A1E7A4F7556}") = "KubernetesClient.Classic", "src\KubernetesClient.Classic\KubernetesClient.Classic.csproj", "{B83B2656-95A8-4573-A65E-2DA7CCE3072F}"
EndProject
Project("{9A19103F-16F7-4668-BE54-9A1E7A4F7556}") = "KubernetesClient.Kubectl", "src\KubernetesClient.Kubectl\KubernetesClient.Kubectl.csproj", "{68520EEE-3610-45F9-B329-388F3C4D94BB}"
EndProject
Project("{9A19103F-16F7-4668-BE54-9A1E7A4F7556}") = "KubernetesClient.ModelConverter", "src\KubernetesClient.ModelConverter\KubernetesClient.ModelConverter.csproj", "{97E99E1C-6805-474C-87F4-73A7E2980B05}"
EndProject
Project("{9A19103F-16F7-4668-BE54-9A1E7A4F7556}") = "KubernetesClient", "src\KubernetesClient\KubernetesClient.csproj", "{E6F9B774-0D7F-4898-8A1B-B7BBCD3C1937}"
EndProject
Project("{9A19103F-16F7-4668-BE54-9A1E7A4F7556}") = "LibKubernetesGenerator.Automapper", "src\LibKubernetesGenerator\generators\LibKubernetesGenerator.Automapper\LibKubernetesGenerator.Automapper.csproj", "{75C04A5C-B7B7-462F-B553-371AF6E3F648}"
EndProject
Project("{9A19103F-16F7-4668-BE54-9A1E7A4F7556}") = "LibKubernetesGenerator", "src\LibKubernetesGenerator\generators\LibKubernetesGenerator\LibKubernetesGenerator.csproj", "{52C61E67-EAB3-4A55-860D-5B20A9673A7E}"
EndProject
Global
	GlobalSection(SolutionConfigurationPlatforms) = preSolution
		Debug|Any CPU = Debug|Any CPU
		Release|Any CPU = Release|Any CPU
	EndGlobalSection
	GlobalSection(ProjectConfigurationPlatforms) = postSolution
		{07F4E0A0-052B-4CE1-9324-2205E84A584E}.Debug|Any CPU.ActiveCfg = Debug|Any CPU
		{07F4E0A0-052B-4CE1-9324-2205E84A584E}.Debug|Any CPU.Build.0 = Debug|Any CPU
		{07F4E0A0-052B-4CE1-9324-2205E84A584E}.Release|Any CPU.ActiveCfg = Release|Any CPU
		{07F4E0A0-052B-4CE1-9324-2205E84A584E}.Release|Any CPU.Build.0 = Release|Any CPU
		{B83B2656-95A8-4573-A65E-2DA7CCE3072F}.Debug|Any CPU.ActiveCfg = Debug|Any CPU
		{B83B2656-95A8-4573-A65E-2DA7CCE3072F}.Debug|Any CPU.Build.0 = Debug|Any CPU
		{B83B2656-95A8-4573-A65E-2DA7CCE3072F}.Release|Any CPU.ActiveCfg = Release|Any CPU
		{B83B2656-95A8-4573-A65E-2DA7CCE3072F}.Release|Any CPU.Build.0 = Release|Any CPU
		{68520EEE-3610-45F9-B329-388F3C4D94BB}.Debug|Any CPU.ActiveCfg = Debug|Any CPU
		{68520EEE-3610-45F9-B329-388F3C4D94BB}.Debug|Any CPU.Build.0 = Debug|Any CPU
		{68520EEE-3610-45F9-B329-388F3C4D94BB}.Release|Any CPU.ActiveCfg = Release|Any CPU
		{68520EEE-3610-45F9-B329-388F3C4D94BB}.Release|Any CPU.Build.0 = Release|Any CPU
		{97E99E1C-6805-474C-87F4-73A7E2980B05}.Debug|Any CPU.ActiveCfg = Debug|Any CPU
		{97E99E1C-6805-474C-87F4-73A7E2980B05}.Debug|Any CPU.Build.0 = Debug|Any CPU
		{97E99E1C-6805-474C-87F4-73A7E2980B05}.Release|Any CPU.ActiveCfg = Release|Any CPU
		{97E99E1C-6805-474C-87F4-73A7E2980B05}.Release|Any CPU.Build.0 = Release|Any CPU
		{E6F9B774-0D7F-4898-8A1B-B7BBCD3C1937}.Debug|Any CPU.ActiveCfg = Debug|Any CPU
		{E6F9B774-0D7F-4898-8A1B-B7BBCD3C1937}.Debug|Any CPU.Build.0 = Debug|Any CPU
		{E6F9B774-0D7F-4898-8A1B-B7BBCD3C1937}.Release|Any CPU.ActiveCfg = Release|Any CPU
		{E6F9B774-0D7F-4898-8A1B-B7BBCD3C1937}.Release|Any CPU.Build.0 = Release|Any CPU
		{75C04A5C-B7B7-462F-B553-371AF6E3F648}.Debug|Any CPU.ActiveCfg = Debug|Any CPU
		{75C04A5C-B7B7-462F-B553-371AF6E3F648}.Debug|Any CPU.Build.0 = Debug|Any CPU
		{75C04A5C-B7B7-462F-B553-371AF6E3F648}.Release|Any CPU.ActiveCfg = Release|Any CPU
		{75C04A5C-B7B7-462F-B553-371AF6E3F648}.Release|Any CPU.Build.0 = Release|Any CPU
		{52C61E67-EAB3-4A55-860D-5B20A9673A7E}.Debug|Any CPU.ActiveCfg = Debug|Any CPU
		{52C61E67-EAB3-4A55-860D-5B20A9673A7E}.Debug|Any CPU.Build.0 = Debug|Any CPU
		{52C61E67-EAB3-4A55-860D-5B20A9673A7E}.Release|Any CPU.ActiveCfg = Release|Any CPU
		{52C61E67-EAB3-4A55-860D-5B20A9673A7E}.Release|Any CPU.Build.0 = Release|Any CPU
	EndGlobalSection
	GlobalSection(SolutionProperties) = preSolution
		HideSolutionNode = FALSE
	EndGlobalSection
	GlobalSection(ExtensibilityGlobals) = postSolution
		SolutionGuid = {04AEB579-BF73-4188-B428-9107C9AA2404}
	EndGlobalSection
EndGlobal
