
Microsoft Visual Studio Solution File, Format Version 12.00
# Visual Studio Version 17
VisualStudioVersion = 17.0.31903.59
MinimumVisualStudioVersion = 10.0.40219.1
Project("{2150E333-8FDC-42A3-9474-1A3956D46DE8}") = "examples", "examples", "{B70AFB57-57C9-46DC-84BE-11B7DDD34B40}"
EndProject
Project("{9A19103F-16F7-4668-BE54-9A1E7A4F7556}") = "attach", "examples\attach\attach.csproj", "{87CD4259-88DC-4748-AC61-CDDFB6E02891}"
EndProject
Project("{9A19103F-16F7-4668-BE54-9A1E7A4F7556}") = "exec", "examples\exec\exec.csproj", "{0044011C-25A6-4303-AA3F-877244B51ABB}"
EndProject
Project("{9A19103F-16F7-4668-BE54-9A1E7A4F7556}") = "labels", "examples\labels\labels.csproj", "{D5471F2E-F522-47E7-B3D2-F98A4452E214}"
EndProject
Project("{9A19103F-16F7-4668-BE54-9A1E7A4F7556}") = "logs", "examples\logs\logs.csproj", "{4BD050E8-B0E4-40B4-AC72-5130D81095C7}"
EndProject
Project("{9A19103F-16F7-4668-BE54-9A1E7A4F7556}") = "namespace", "examples\namespace\namespace.csproj", "{1AA79D75-E7C4-4C0C-928B-FB12EC3CBF68}"
EndProject
Project("{9A19103F-16F7-4668-BE54-9A1E7A4F7556}") = "simple", "examples\simple\simple.csproj", "{DDB14203-DD5B-452A-A1E0-9FD98629101F}"
EndProject
Project("{9A19103F-16F7-4668-BE54-9A1E7A4F7556}") = "watch", "examples\watch\watch.csproj", "{1DDB0CCF-7CCE-4A60-BAC6-9AE1779DEDB5}"
EndProject
Project("{2150E333-8FDC-42A3-9474-1A3956D46DE8}") = "src", "src", "{3D1864AA-1FFC-4512-BB13-46055E410F73}"
EndProject
Project("{9A19103F-16F7-4668-BE54-9A1E7A4F7556}") = "KubernetesClient", "src\KubernetesClient\KubernetesClient.csproj", "{35DD7248-F9EC-4272-A32C-B0C59E5A6FA7}"
EndProject
Project("{2150E333-8FDC-42A3-9474-1A3956D46DE8}") = "tests", "tests", "{8AF4A5C2-F0CE-47D5-A4C5-FE4AB83CA509}"
EndProject
Project("{9A19103F-16F7-4668-BE54-9A1E7A4F7556}") = "KubernetesClient.Tests", "tests\KubernetesClient.Tests\KubernetesClient.Tests.csproj", "{806AD0E5-833F-42FB-A870-4BCEE7F4B17F}"
EndProject
Project("{2150E333-8FDC-42A3-9474-1A3956D46DE8}") = "gen", "gen", "{879F8787-C3BB-43F3-A92D-6D4C7D3A5285}"
EndProject
Project("{9A19103F-16F7-4668-BE54-9A1E7A4F7556}") = "patch", "examples\patch\patch.csproj", "{04DE2C84-117D-4E21-8B45-B7AE627697BD}"
EndProject
Project("{9A19103F-16F7-4668-BE54-9A1E7A4F7556}") = "metrics", "examples\metrics\metrics.csproj", "{B9647AD4-F6B0-406F-8B79-6781E31600EC}"
EndProject
Project("{9A19103F-16F7-4668-BE54-9A1E7A4F7556}") = "E2E.Tests", "tests\E2E.Tests\E2E.Tests.csproj", "{5056C4A2-5E12-4C16-8DA7-8835DA58BFF2}"
EndProject
Project("{9A19103F-16F7-4668-BE54-9A1E7A4F7556}") = "SkipTestLogger", "tests\SkipTestLogger\SkipTestLogger.csproj", "{4D2AE427-F856-49E5-B61D-EA6B17D89051}"
EndProject
Project("{9A19103F-16F7-4668-BE54-9A1E7A4F7556}") = "customResource", "examples\customResource\customResource.csproj", "{95672061-5799-4454-ACDB-D6D330DB1EC4}"
EndProject
Project("{9A19103F-16F7-4668-BE54-9A1E7A4F7556}") = "GenericKubernetesApi", "examples\GenericKubernetesApi\GenericKubernetesApi.csproj", "{F81AE4C4-E044-4225-BD76-385A0DE621FD}"
EndProject
Project("{9A19103F-16F7-4668-BE54-9A1E7A4F7556}") = "generic", "examples\generic\generic.csproj", "{F06D4C3A-7825-43A8-832B-6BDE3D355486}"
EndProject
Project("{9A19103F-16F7-4668-BE54-9A1E7A4F7556}") = "LibKubernetesGenerator", "gen\LibKubernetesGenerator\LibKubernetesGenerator.csproj", "{E92670D3-831E-430D-8FAC-138BF9977F3F}"
EndProject
Global
	GlobalSection(SolutionConfigurationPlatforms) = preSolution
		Debug|Any CPU = Debug|Any CPU
		Debug|x64 = Debug|x64
		Debug|x86 = Debug|x86
		Release|Any CPU = Release|Any CPU
		Release|x64 = Release|x64
		Release|x86 = Release|x86
	EndGlobalSection
	GlobalSection(ProjectConfigurationPlatforms) = postSolution
		{87CD4259-88DC-4748-AC61-CDDFB6E02891}.Debug|Any CPU.ActiveCfg = Debug|Any CPU
		{87CD4259-88DC-4748-AC61-CDDFB6E02891}.Debug|Any CPU.Build.0 = Debug|Any CPU
		{87CD4259-88DC-4748-AC61-CDDFB6E02891}.Debug|x64.ActiveCfg = Debug|Any CPU
		{87CD4259-88DC-4748-AC61-CDDFB6E02891}.Debug|x64.Build.0 = Debug|Any CPU
		{87CD4259-88DC-4748-AC61-CDDFB6E02891}.Debug|x86.ActiveCfg = Debug|Any CPU
		{87CD4259-88DC-4748-AC61-CDDFB6E02891}.Debug|x86.Build.0 = Debug|Any CPU
		{87CD4259-88DC-4748-AC61-CDDFB6E02891}.Release|Any CPU.ActiveCfg = Release|Any CPU
		{87CD4259-88DC-4748-AC61-CDDFB6E02891}.Release|Any CPU.Build.0 = Release|Any CPU
		{87CD4259-88DC-4748-AC61-CDDFB6E02891}.Release|x64.ActiveCfg = Release|Any CPU
		{87CD4259-88DC-4748-AC61-CDDFB6E02891}.Release|x64.Build.0 = Release|Any CPU
		{87CD4259-88DC-4748-AC61-CDDFB6E02891}.Release|x86.ActiveCfg = Release|Any CPU
		{87CD4259-88DC-4748-AC61-CDDFB6E02891}.Release|x86.Build.0 = Release|Any CPU
		{0044011C-25A6-4303-AA3F-877244B51ABB}.Debug|Any CPU.ActiveCfg = Debug|Any CPU
		{0044011C-25A6-4303-AA3F-877244B51ABB}.Debug|Any CPU.Build.0 = Debug|Any CPU
		{0044011C-25A6-4303-AA3F-877244B51ABB}.Debug|x64.ActiveCfg = Debug|Any CPU
		{0044011C-25A6-4303-AA3F-877244B51ABB}.Debug|x64.Build.0 = Debug|Any CPU
		{0044011C-25A6-4303-AA3F-877244B51ABB}.Debug|x86.ActiveCfg = Debug|Any CPU
		{0044011C-25A6-4303-AA3F-877244B51ABB}.Debug|x86.Build.0 = Debug|Any CPU
		{0044011C-25A6-4303-AA3F-877244B51ABB}.Release|Any CPU.ActiveCfg = Release|Any CPU
		{0044011C-25A6-4303-AA3F-877244B51ABB}.Release|Any CPU.Build.0 = Release|Any CPU
		{0044011C-25A6-4303-AA3F-877244B51ABB}.Release|x64.ActiveCfg = Release|Any CPU
		{0044011C-25A6-4303-AA3F-877244B51ABB}.Release|x64.Build.0 = Release|Any CPU
		{0044011C-25A6-4303-AA3F-877244B51ABB}.Release|x86.ActiveCfg = Release|Any CPU
		{0044011C-25A6-4303-AA3F-877244B51ABB}.Release|x86.Build.0 = Release|Any CPU
		{D5471F2E-F522-47E7-B3D2-F98A4452E214}.Debug|Any CPU.ActiveCfg = Debug|Any CPU
		{D5471F2E-F522-47E7-B3D2-F98A4452E214}.Debug|Any CPU.Build.0 = Debug|Any CPU
		{D5471F2E-F522-47E7-B3D2-F98A4452E214}.Debug|x64.ActiveCfg = Debug|Any CPU
		{D5471F2E-F522-47E7-B3D2-F98A4452E214}.Debug|x64.Build.0 = Debug|Any CPU
		{D5471F2E-F522-47E7-B3D2-F98A4452E214}.Debug|x86.ActiveCfg = Debug|Any CPU
		{D5471F2E-F522-47E7-B3D2-F98A4452E214}.Debug|x86.Build.0 = Debug|Any CPU
		{D5471F2E-F522-47E7-B3D2-F98A4452E214}.Release|Any CPU.ActiveCfg = Release|Any CPU
		{D5471F2E-F522-47E7-B3D2-F98A4452E214}.Release|Any CPU.Build.0 = Release|Any CPU
		{D5471F2E-F522-47E7-B3D2-F98A4452E214}.Release|x64.ActiveCfg = Release|Any CPU
		{D5471F2E-F522-47E7-B3D2-F98A4452E214}.Release|x64.Build.0 = Release|Any CPU
		{D5471F2E-F522-47E7-B3D2-F98A4452E214}.Release|x86.ActiveCfg = Release|Any CPU
		{D5471F2E-F522-47E7-B3D2-F98A4452E214}.Release|x86.Build.0 = Release|Any CPU
		{4BD050E8-B0E4-40B4-AC72-5130D81095C7}.Debug|Any CPU.ActiveCfg = Debug|Any CPU
		{4BD050E8-B0E4-40B4-AC72-5130D81095C7}.Debug|Any CPU.Build.0 = Debug|Any CPU
		{4BD050E8-B0E4-40B4-AC72-5130D81095C7}.Debug|x64.ActiveCfg = Debug|Any CPU
		{4BD050E8-B0E4-40B4-AC72-5130D81095C7}.Debug|x64.Build.0 = Debug|Any CPU
		{4BD050E8-B0E4-40B4-AC72-5130D81095C7}.Debug|x86.ActiveCfg = Debug|Any CPU
		{4BD050E8-B0E4-40B4-AC72-5130D81095C7}.Debug|x86.Build.0 = Debug|Any CPU
		{4BD050E8-B0E4-40B4-AC72-5130D81095C7}.Release|Any CPU.ActiveCfg = Release|Any CPU
		{4BD050E8-B0E4-40B4-AC72-5130D81095C7}.Release|Any CPU.Build.0 = Release|Any CPU
		{4BD050E8-B0E4-40B4-AC72-5130D81095C7}.Release|x64.ActiveCfg = Release|Any CPU
		{4BD050E8-B0E4-40B4-AC72-5130D81095C7}.Release|x64.Build.0 = Release|Any CPU
		{4BD050E8-B0E4-40B4-AC72-5130D81095C7}.Release|x86.ActiveCfg = Release|Any CPU
		{4BD050E8-B0E4-40B4-AC72-5130D81095C7}.Release|x86.Build.0 = Release|Any CPU
		{1AA79D75-E7C4-4C0C-928B-FB12EC3CBF68}.Debug|Any CPU.ActiveCfg = Debug|Any CPU
		{1AA79D75-E7C4-4C0C-928B-FB12EC3CBF68}.Debug|Any CPU.Build.0 = Debug|Any CPU
		{1AA79D75-E7C4-4C0C-928B-FB12EC3CBF68}.Debug|x64.ActiveCfg = Debug|Any CPU
		{1AA79D75-E7C4-4C0C-928B-FB12EC3CBF68}.Debug|x64.Build.0 = Debug|Any CPU
		{1AA79D75-E7C4-4C0C-928B-FB12EC3CBF68}.Debug|x86.ActiveCfg = Debug|Any CPU
		{1AA79D75-E7C4-4C0C-928B-FB12EC3CBF68}.Debug|x86.Build.0 = Debug|Any CPU
		{1AA79D75-E7C4-4C0C-928B-FB12EC3CBF68}.Release|Any CPU.ActiveCfg = Release|Any CPU
		{1AA79D75-E7C4-4C0C-928B-FB12EC3CBF68}.Release|Any CPU.Build.0 = Release|Any CPU
		{1AA79D75-E7C4-4C0C-928B-FB12EC3CBF68}.Release|x64.ActiveCfg = Release|Any CPU
		{1AA79D75-E7C4-4C0C-928B-FB12EC3CBF68}.Release|x64.Build.0 = Release|Any CPU
		{1AA79D75-E7C4-4C0C-928B-FB12EC3CBF68}.Release|x86.ActiveCfg = Release|Any CPU
		{1AA79D75-E7C4-4C0C-928B-FB12EC3CBF68}.Release|x86.Build.0 = Release|Any CPU
		{DDB14203-DD5B-452A-A1E0-9FD98629101F}.Debug|Any CPU.ActiveCfg = Debug|Any CPU
		{DDB14203-DD5B-452A-A1E0-9FD98629101F}.Debug|Any CPU.Build.0 = Debug|Any CPU
		{DDB14203-DD5B-452A-A1E0-9FD98629101F}.Debug|x64.ActiveCfg = Debug|Any CPU
		{DDB14203-DD5B-452A-A1E0-9FD98629101F}.Debug|x64.Build.0 = Debug|Any CPU
		{DDB14203-DD5B-452A-A1E0-9FD98629101F}.Debug|x86.ActiveCfg = Debug|Any CPU
		{DDB14203-DD5B-452A-A1E0-9FD98629101F}.Debug|x86.Build.0 = Debug|Any CPU
		{DDB14203-DD5B-452A-A1E0-9FD98629101F}.Release|Any CPU.ActiveCfg = Release|Any CPU
		{DDB14203-DD5B-452A-A1E0-9FD98629101F}.Release|Any CPU.Build.0 = Release|Any CPU
		{DDB14203-DD5B-452A-A1E0-9FD98629101F}.Release|x64.ActiveCfg = Release|Any CPU
		{DDB14203-DD5B-452A-A1E0-9FD98629101F}.Release|x64.Build.0 = Release|Any CPU
		{DDB14203-DD5B-452A-A1E0-9FD98629101F}.Release|x86.ActiveCfg = Release|Any CPU
		{DDB14203-DD5B-452A-A1E0-9FD98629101F}.Release|x86.Build.0 = Release|Any CPU
		{1DDB0CCF-7CCE-4A60-BAC6-9AE1779DEDB5}.Debug|Any CPU.ActiveCfg = Debug|Any CPU
		{1DDB0CCF-7CCE-4A60-BAC6-9AE1779DEDB5}.Debug|Any CPU.Build.0 = Debug|Any CPU
		{1DDB0CCF-7CCE-4A60-BAC6-9AE1779DEDB5}.Debug|x64.ActiveCfg = Debug|Any CPU
		{1DDB0CCF-7CCE-4A60-BAC6-9AE1779DEDB5}.Debug|x64.Build.0 = Debug|Any CPU
		{1DDB0CCF-7CCE-4A60-BAC6-9AE1779DEDB5}.Debug|x86.ActiveCfg = Debug|Any CPU
		{1DDB0CCF-7CCE-4A60-BAC6-9AE1779DEDB5}.Debug|x86.Build.0 = Debug|Any CPU
		{1DDB0CCF-7CCE-4A60-BAC6-9AE1779DEDB5}.Release|Any CPU.ActiveCfg = Release|Any CPU
		{1DDB0CCF-7CCE-4A60-BAC6-9AE1779DEDB5}.Release|Any CPU.Build.0 = Release|Any CPU
		{1DDB0CCF-7CCE-4A60-BAC6-9AE1779DEDB5}.Release|x64.ActiveCfg = Release|Any CPU
		{1DDB0CCF-7CCE-4A60-BAC6-9AE1779DEDB5}.Release|x64.Build.0 = Release|Any CPU
		{1DDB0CCF-7CCE-4A60-BAC6-9AE1779DEDB5}.Release|x86.ActiveCfg = Release|Any CPU
		{1DDB0CCF-7CCE-4A60-BAC6-9AE1779DEDB5}.Release|x86.Build.0 = Release|Any CPU
		{35DD7248-F9EC-4272-A32C-B0C59E5A6FA7}.Debug|Any CPU.ActiveCfg = Debug|Any CPU
		{35DD7248-F9EC-4272-A32C-B0C59E5A6FA7}.Debug|Any CPU.Build.0 = Debug|Any CPU
		{35DD7248-F9EC-4272-A32C-B0C59E5A6FA7}.Debug|x64.ActiveCfg = Debug|Any CPU
		{35DD7248-F9EC-4272-A32C-B0C59E5A6FA7}.Debug|x64.Build.0 = Debug|Any CPU
		{35DD7248-F9EC-4272-A32C-B0C59E5A6FA7}.Debug|x86.ActiveCfg = Debug|Any CPU
		{35DD7248-F9EC-4272-A32C-B0C59E5A6FA7}.Debug|x86.Build.0 = Debug|Any CPU
		{35DD7248-F9EC-4272-A32C-B0C59E5A6FA7}.Release|Any CPU.ActiveCfg = Release|Any CPU
		{35DD7248-F9EC-4272-A32C-B0C59E5A6FA7}.Release|Any CPU.Build.0 = Release|Any CPU
		{35DD7248-F9EC-4272-A32C-B0C59E5A6FA7}.Release|x64.ActiveCfg = Release|Any CPU
		{35DD7248-F9EC-4272-A32C-B0C59E5A6FA7}.Release|x64.Build.0 = Release|Any CPU
		{35DD7248-F9EC-4272-A32C-B0C59E5A6FA7}.Release|x86.ActiveCfg = Release|Any CPU
		{35DD7248-F9EC-4272-A32C-B0C59E5A6FA7}.Release|x86.Build.0 = Release|Any CPU
		{806AD0E5-833F-42FB-A870-4BCEE7F4B17F}.Debug|Any CPU.ActiveCfg = Debug|Any CPU
		{806AD0E5-833F-42FB-A870-4BCEE7F4B17F}.Debug|Any CPU.Build.0 = Debug|Any CPU
		{806AD0E5-833F-42FB-A870-4BCEE7F4B17F}.Debug|x64.ActiveCfg = Debug|Any CPU
		{806AD0E5-833F-42FB-A870-4BCEE7F4B17F}.Debug|x64.Build.0 = Debug|Any CPU
		{806AD0E5-833F-42FB-A870-4BCEE7F4B17F}.Debug|x86.ActiveCfg = Debug|Any CPU
		{806AD0E5-833F-42FB-A870-4BCEE7F4B17F}.Debug|x86.Build.0 = Debug|Any CPU
		{806AD0E5-833F-42FB-A870-4BCEE7F4B17F}.Release|Any CPU.ActiveCfg = Release|Any CPU
		{806AD0E5-833F-42FB-A870-4BCEE7F4B17F}.Release|Any CPU.Build.0 = Release|Any CPU
		{806AD0E5-833F-42FB-A870-4BCEE7F4B17F}.Release|x64.ActiveCfg = Release|Any CPU
		{806AD0E5-833F-42FB-A870-4BCEE7F4B17F}.Release|x64.Build.0 = Release|Any CPU
		{806AD0E5-833F-42FB-A870-4BCEE7F4B17F}.Release|x86.ActiveCfg = Release|Any CPU
		{806AD0E5-833F-42FB-A870-4BCEE7F4B17F}.Release|x86.Build.0 = Release|Any CPU
		{04DE2C84-117D-4E21-8B45-B7AE627697BD}.Debug|Any CPU.ActiveCfg = Debug|Any CPU
		{04DE2C84-117D-4E21-8B45-B7AE627697BD}.Debug|Any CPU.Build.0 = Debug|Any CPU
		{04DE2C84-117D-4E21-8B45-B7AE627697BD}.Debug|x64.ActiveCfg = Debug|Any CPU
		{04DE2C84-117D-4E21-8B45-B7AE627697BD}.Debug|x64.Build.0 = Debug|Any CPU
		{04DE2C84-117D-4E21-8B45-B7AE627697BD}.Debug|x86.ActiveCfg = Debug|Any CPU
		{04DE2C84-117D-4E21-8B45-B7AE627697BD}.Debug|x86.Build.0 = Debug|Any CPU
		{04DE2C84-117D-4E21-8B45-B7AE627697BD}.Release|Any CPU.ActiveCfg = Release|Any CPU
		{04DE2C84-117D-4E21-8B45-B7AE627697BD}.Release|Any CPU.Build.0 = Release|Any CPU
		{04DE2C84-117D-4E21-8B45-B7AE627697BD}.Release|x64.ActiveCfg = Release|Any CPU
		{04DE2C84-117D-4E21-8B45-B7AE627697BD}.Release|x64.Build.0 = Release|Any CPU
		{04DE2C84-117D-4E21-8B45-B7AE627697BD}.Release|x86.ActiveCfg = Release|Any CPU
		{04DE2C84-117D-4E21-8B45-B7AE627697BD}.Release|x86.Build.0 = Release|Any CPU
		{B9647AD4-F6B0-406F-8B79-6781E31600EC}.Debug|Any CPU.ActiveCfg = Debug|Any CPU
		{B9647AD4-F6B0-406F-8B79-6781E31600EC}.Debug|Any CPU.Build.0 = Debug|Any CPU
		{B9647AD4-F6B0-406F-8B79-6781E31600EC}.Debug|x64.ActiveCfg = Debug|Any CPU
		{B9647AD4-F6B0-406F-8B79-6781E31600EC}.Debug|x64.Build.0 = Debug|Any CPU
		{B9647AD4-F6B0-406F-8B79-6781E31600EC}.Debug|x86.ActiveCfg = Debug|Any CPU
		{B9647AD4-F6B0-406F-8B79-6781E31600EC}.Debug|x86.Build.0 = Debug|Any CPU
		{B9647AD4-F6B0-406F-8B79-6781E31600EC}.Release|Any CPU.ActiveCfg = Release|Any CPU
		{B9647AD4-F6B0-406F-8B79-6781E31600EC}.Release|Any CPU.Build.0 = Release|Any CPU
		{B9647AD4-F6B0-406F-8B79-6781E31600EC}.Release|x64.ActiveCfg = Release|Any CPU
		{B9647AD4-F6B0-406F-8B79-6781E31600EC}.Release|x64.Build.0 = Release|Any CPU
		{B9647AD4-F6B0-406F-8B79-6781E31600EC}.Release|x86.ActiveCfg = Release|Any CPU
		{B9647AD4-F6B0-406F-8B79-6781E31600EC}.Release|x86.Build.0 = Release|Any CPU
		{5056C4A2-5E12-4C16-8DA7-8835DA58BFF2}.Debug|Any CPU.ActiveCfg = Debug|Any CPU
		{5056C4A2-5E12-4C16-8DA7-8835DA58BFF2}.Debug|Any CPU.Build.0 = Debug|Any CPU
		{5056C4A2-5E12-4C16-8DA7-8835DA58BFF2}.Debug|x64.ActiveCfg = Debug|Any CPU
		{5056C4A2-5E12-4C16-8DA7-8835DA58BFF2}.Debug|x64.Build.0 = Debug|Any CPU
		{5056C4A2-5E12-4C16-8DA7-8835DA58BFF2}.Debug|x86.ActiveCfg = Debug|Any CPU
		{5056C4A2-5E12-4C16-8DA7-8835DA58BFF2}.Debug|x86.Build.0 = Debug|Any CPU
		{5056C4A2-5E12-4C16-8DA7-8835DA58BFF2}.Release|Any CPU.ActiveCfg = Release|Any CPU
		{5056C4A2-5E12-4C16-8DA7-8835DA58BFF2}.Release|Any CPU.Build.0 = Release|Any CPU
		{5056C4A2-5E12-4C16-8DA7-8835DA58BFF2}.Release|x64.ActiveCfg = Release|Any CPU
		{5056C4A2-5E12-4C16-8DA7-8835DA58BFF2}.Release|x64.Build.0 = Release|Any CPU
		{5056C4A2-5E12-4C16-8DA7-8835DA58BFF2}.Release|x86.ActiveCfg = Release|Any CPU
		{5056C4A2-5E12-4C16-8DA7-8835DA58BFF2}.Release|x86.Build.0 = Release|Any CPU
		{4D2AE427-F856-49E5-B61D-EA6B17D89051}.Debug|Any CPU.ActiveCfg = Debug|Any CPU
		{4D2AE427-F856-49E5-B61D-EA6B17D89051}.Debug|Any CPU.Build.0 = Debug|Any CPU
		{4D2AE427-F856-49E5-B61D-EA6B17D89051}.Debug|x64.ActiveCfg = Debug|Any CPU
		{4D2AE427-F856-49E5-B61D-EA6B17D89051}.Debug|x64.Build.0 = Debug|Any CPU
		{4D2AE427-F856-49E5-B61D-EA6B17D89051}.Debug|x86.ActiveCfg = Debug|Any CPU
		{4D2AE427-F856-49E5-B61D-EA6B17D89051}.Debug|x86.Build.0 = Debug|Any CPU
		{4D2AE427-F856-49E5-B61D-EA6B17D89051}.Release|Any CPU.ActiveCfg = Release|Any CPU
		{4D2AE427-F856-49E5-B61D-EA6B17D89051}.Release|Any CPU.Build.0 = Release|Any CPU
		{4D2AE427-F856-49E5-B61D-EA6B17D89051}.Release|x64.ActiveCfg = Release|Any CPU
		{4D2AE427-F856-49E5-B61D-EA6B17D89051}.Release|x64.Build.0 = Release|Any CPU
		{4D2AE427-F856-49E5-B61D-EA6B17D89051}.Release|x86.ActiveCfg = Release|Any CPU
		{4D2AE427-F856-49E5-B61D-EA6B17D89051}.Release|x86.Build.0 = Release|Any CPU
		{95672061-5799-4454-ACDB-D6D330DB1EC4}.Debug|Any CPU.ActiveCfg = Debug|Any CPU
		{95672061-5799-4454-ACDB-D6D330DB1EC4}.Debug|Any CPU.Build.0 = Debug|Any CPU
		{95672061-5799-4454-ACDB-D6D330DB1EC4}.Debug|x64.ActiveCfg = Debug|Any CPU
		{95672061-5799-4454-ACDB-D6D330DB1EC4}.Debug|x64.Build.0 = Debug|Any CPU
		{95672061-5799-4454-ACDB-D6D330DB1EC4}.Debug|x86.ActiveCfg = Debug|Any CPU
		{95672061-5799-4454-ACDB-D6D330DB1EC4}.Debug|x86.Build.0 = Debug|Any CPU
		{95672061-5799-4454-ACDB-D6D330DB1EC4}.Release|Any CPU.ActiveCfg = Release|Any CPU
		{95672061-5799-4454-ACDB-D6D330DB1EC4}.Release|Any CPU.Build.0 = Release|Any CPU
		{95672061-5799-4454-ACDB-D6D330DB1EC4}.Release|x64.ActiveCfg = Release|Any CPU
		{95672061-5799-4454-ACDB-D6D330DB1EC4}.Release|x64.Build.0 = Release|Any CPU
		{95672061-5799-4454-ACDB-D6D330DB1EC4}.Release|x86.ActiveCfg = Release|Any CPU
		{95672061-5799-4454-ACDB-D6D330DB1EC4}.Release|x86.Build.0 = Release|Any CPU
		{F81AE4C4-E044-4225-BD76-385A0DE621FD}.Debug|Any CPU.ActiveCfg = Debug|Any CPU
		{F81AE4C4-E044-4225-BD76-385A0DE621FD}.Debug|Any CPU.Build.0 = Debug|Any CPU
		{F81AE4C4-E044-4225-BD76-385A0DE621FD}.Debug|x64.ActiveCfg = Debug|Any CPU
		{F81AE4C4-E044-4225-BD76-385A0DE621FD}.Debug|x64.Build.0 = Debug|Any CPU
		{F81AE4C4-E044-4225-BD76-385A0DE621FD}.Debug|x86.ActiveCfg = Debug|Any CPU
		{F81AE4C4-E044-4225-BD76-385A0DE621FD}.Debug|x86.Build.0 = Debug|Any CPU
		{F81AE4C4-E044-4225-BD76-385A0DE621FD}.Release|Any CPU.ActiveCfg = Release|Any CPU
		{F81AE4C4-E044-4225-BD76-385A0DE621FD}.Release|Any CPU.Build.0 = Release|Any CPU
		{F81AE4C4-E044-4225-BD76-385A0DE621FD}.Release|x64.ActiveCfg = Release|Any CPU
		{F81AE4C4-E044-4225-BD76-385A0DE621FD}.Release|x64.Build.0 = Release|Any CPU
		{F81AE4C4-E044-4225-BD76-385A0DE621FD}.Release|x86.ActiveCfg = Release|Any CPU
		{F81AE4C4-E044-4225-BD76-385A0DE621FD}.Release|x86.Build.0 = Release|Any CPU
		{F06D4C3A-7825-43A8-832B-6BDE3D355486}.Debug|Any CPU.ActiveCfg = Debug|Any CPU
		{F06D4C3A-7825-43A8-832B-6BDE3D355486}.Debug|Any CPU.Build.0 = Debug|Any CPU
		{F06D4C3A-7825-43A8-832B-6BDE3D355486}.Debug|x64.ActiveCfg = Debug|Any CPU
		{F06D4C3A-7825-43A8-832B-6BDE3D355486}.Debug|x64.Build.0 = Debug|Any CPU
		{F06D4C3A-7825-43A8-832B-6BDE3D355486}.Debug|x86.ActiveCfg = Debug|Any CPU
		{F06D4C3A-7825-43A8-832B-6BDE3D355486}.Debug|x86.Build.0 = Debug|Any CPU
		{F06D4C3A-7825-43A8-832B-6BDE3D355486}.Release|Any CPU.ActiveCfg = Release|Any CPU
		{F06D4C3A-7825-43A8-832B-6BDE3D355486}.Release|Any CPU.Build.0 = Release|Any CPU
		{F06D4C3A-7825-43A8-832B-6BDE3D355486}.Release|x64.ActiveCfg = Release|Any CPU
		{F06D4C3A-7825-43A8-832B-6BDE3D355486}.Release|x64.Build.0 = Release|Any CPU
		{F06D4C3A-7825-43A8-832B-6BDE3D355486}.Release|x86.ActiveCfg = Release|Any CPU
		{F06D4C3A-7825-43A8-832B-6BDE3D355486}.Release|x86.Build.0 = Release|Any CPU
		{E92670D3-831E-430D-8FAC-138BF9977F3F}.Debug|Any CPU.ActiveCfg = Debug|Any CPU
		{E92670D3-831E-430D-8FAC-138BF9977F3F}.Debug|Any CPU.Build.0 = Debug|Any CPU
		{E92670D3-831E-430D-8FAC-138BF9977F3F}.Debug|x64.ActiveCfg = Debug|Any CPU
		{E92670D3-831E-430D-8FAC-138BF9977F3F}.Debug|x64.Build.0 = Debug|Any CPU
		{E92670D3-831E-430D-8FAC-138BF9977F3F}.Debug|x86.ActiveCfg = Debug|Any CPU
		{E92670D3-831E-430D-8FAC-138BF9977F3F}.Debug|x86.Build.0 = Debug|Any CPU
		{E92670D3-831E-430D-8FAC-138BF9977F3F}.Release|Any CPU.ActiveCfg = Release|Any CPU
		{E92670D3-831E-430D-8FAC-138BF9977F3F}.Release|Any CPU.Build.0 = Release|Any CPU
		{E92670D3-831E-430D-8FAC-138BF9977F3F}.Release|x64.ActiveCfg = Release|Any CPU
		{E92670D3-831E-430D-8FAC-138BF9977F3F}.Release|x64.Build.0 = Release|Any CPU
		{E92670D3-831E-430D-8FAC-138BF9977F3F}.Release|x86.ActiveCfg = Release|Any CPU
		{E92670D3-831E-430D-8FAC-138BF9977F3F}.Release|x86.Build.0 = Release|Any CPU
	EndGlobalSection
	GlobalSection(SolutionProperties) = preSolution
		HideSolutionNode = FALSE
	EndGlobalSection
	GlobalSection(NestedProjects) = preSolution
		{87CD4259-88DC-4748-AC61-CDDFB6E02891} = {B70AFB57-57C9-46DC-84BE-11B7DDD34B40}
		{0044011C-25A6-4303-AA3F-877244B51ABB} = {B70AFB57-57C9-46DC-84BE-11B7DDD34B40}
		{D5471F2E-F522-47E7-B3D2-F98A4452E214} = {B70AFB57-57C9-46DC-84BE-11B7DDD34B40}
		{4BD050E8-B0E4-40B4-AC72-5130D81095C7} = {B70AFB57-57C9-46DC-84BE-11B7DDD34B40}
		{1AA79D75-E7C4-4C0C-928B-FB12EC3CBF68} = {B70AFB57-57C9-46DC-84BE-11B7DDD34B40}
		{DDB14203-DD5B-452A-A1E0-9FD98629101F} = {B70AFB57-57C9-46DC-84BE-11B7DDD34B40}
		{1DDB0CCF-7CCE-4A60-BAC6-9AE1779DEDB5} = {B70AFB57-57C9-46DC-84BE-11B7DDD34B40}
		{35DD7248-F9EC-4272-A32C-B0C59E5A6FA7} = {3D1864AA-1FFC-4512-BB13-46055E410F73}
		{806AD0E5-833F-42FB-A870-4BCEE7F4B17F} = {8AF4A5C2-F0CE-47D5-A4C5-FE4AB83CA509}
		{04DE2C84-117D-4E21-8B45-B7AE627697BD} = {B70AFB57-57C9-46DC-84BE-11B7DDD34B40}
		{B9647AD4-F6B0-406F-8B79-6781E31600EC} = {B70AFB57-57C9-46DC-84BE-11B7DDD34B40}
		{5056C4A2-5E12-4C16-8DA7-8835DA58BFF2} = {8AF4A5C2-F0CE-47D5-A4C5-FE4AB83CA509}
		{4D2AE427-F856-49E5-B61D-EA6B17D89051} = {8AF4A5C2-F0CE-47D5-A4C5-FE4AB83CA509}
		{95672061-5799-4454-ACDB-D6D330DB1EC4} = {B70AFB57-57C9-46DC-84BE-11B7DDD34B40}
		{F81AE4C4-E044-4225-BD76-385A0DE621FD} = {B70AFB57-57C9-46DC-84BE-11B7DDD34B40}
		{F06D4C3A-7825-43A8-832B-6BDE3D355486} = {B70AFB57-57C9-46DC-84BE-11B7DDD34B40}
		{E92670D3-831E-430D-8FAC-138BF9977F3F} = {879F8787-C3BB-43F3-A92D-6D4C7D3A5285}
	EndGlobalSection
	GlobalSection(ExtensibilityGlobals) = postSolution
		SolutionGuid = {049A763A-C891-4E8D-80CF-89DD3E22ADC7}
	EndGlobalSection
EndGlobal
